
Microsoft Visual Studio Solution File, Format Version 12.00
# Visual Studio Version 16
VisualStudioVersion = 16.0.30114.105
MinimumVisualStudioVersion = 10.0.40219.1
Project("{FAE04EC0-301F-11D3-BF4B-00C04F79EFBC}") = "API", "APi\API.csproj", "{C929FF9F-D2DA-4302-920F-B1114365F973}"
EndProject
Project("{FAE04EC0-301F-11D3-BF4B-00C04F79EFBC}") = "Application", "Application\Application.csproj", "{D1241A3E-8EF6-422A-AE8B-4C679FD6AB53}"
EndProject
Project("{FAE04EC0-301F-11D3-BF4B-00C04F79EFBC}") = "Domain", "Domain\Domain.csproj", "{8ABBF1C1-2F4E-415D-B2AD-A106BC94A0E0}"
EndProject
Project("{FAE04EC0-301F-11D3-BF4B-00C04F79EFBC}") = "Data", "Data\Data.csproj", "{8237E26F-3ED3-43ED-9611-010079DDE433}"
EndProject
Global
	GlobalSection(SolutionConfigurationPlatforms) = preSolution
		Debug|Any CPU = Debug|Any CPU
		Debug|x64 = Debug|x64
		Debug|x86 = Debug|x86
		Release|Any CPU = Release|Any CPU
		Release|x64 = Release|x64
		Release|x86 = Release|x86
	EndGlobalSection
	GlobalSection(SolutionProperties) = preSolution
		HideSolutionNode = FALSE
	EndGlobalSection
	GlobalSection(ProjectConfigurationPlatforms) = postSolution
		{C929FF9F-D2DA-4302-920F-B1114365F973}.Debug|Any CPU.ActiveCfg = Debug|Any CPU
		{C929FF9F-D2DA-4302-920F-B1114365F973}.Debug|Any CPU.Build.0 = Debug|Any CPU
		{C929FF9F-D2DA-4302-920F-B1114365F973}.Debug|x64.ActiveCfg = Debug|Any CPU
		{C929FF9F-D2DA-4302-920F-B1114365F973}.Debug|x64.Build.0 = Debug|Any CPU
		{C929FF9F-D2DA-4302-920F-B1114365F973}.Debug|x86.ActiveCfg = Debug|Any CPU
		{C929FF9F-D2DA-4302-920F-B1114365F973}.Debug|x86.Build.0 = Debug|Any CPU
		{C929FF9F-D2DA-4302-920F-B1114365F973}.Release|Any CPU.ActiveCfg = Release|Any CPU
		{C929FF9F-D2DA-4302-920F-B1114365F973}.Release|Any CPU.Build.0 = Release|Any CPU
		{C929FF9F-D2DA-4302-920F-B1114365F973}.Release|x64.ActiveCfg = Release|Any CPU
		{C929FF9F-D2DA-4302-920F-B1114365F973}.Release|x64.Build.0 = Release|Any CPU
		{C929FF9F-D2DA-4302-920F-B1114365F973}.Release|x86.ActiveCfg = Release|Any CPU
		{C929FF9F-D2DA-4302-920F-B1114365F973}.Release|x86.Build.0 = Release|Any CPU
		{D1241A3E-8EF6-422A-AE8B-4C679FD6AB53}.Debug|Any CPU.ActiveCfg = Debug|Any CPU
		{D1241A3E-8EF6-422A-AE8B-4C679FD6AB53}.Debug|Any CPU.Build.0 = Debug|Any CPU
		{D1241A3E-8EF6-422A-AE8B-4C679FD6AB53}.Debug|x64.ActiveCfg = Debug|Any CPU
		{D1241A3E-8EF6-422A-AE8B-4C679FD6AB53}.Debug|x64.Build.0 = Debug|Any CPU
		{D1241A3E-8EF6-422A-AE8B-4C679FD6AB53}.Debug|x86.ActiveCfg = Debug|Any CPU
		{D1241A3E-8EF6-422A-AE8B-4C679FD6AB53}.Debug|x86.Build.0 = Debug|Any CPU
		{D1241A3E-8EF6-422A-AE8B-4C679FD6AB53}.Release|Any CPU.ActiveCfg = Release|Any CPU
		{D1241A3E-8EF6-422A-AE8B-4C679FD6AB53}.Release|Any CPU.Build.0 = Release|Any CPU
		{D1241A3E-8EF6-422A-AE8B-4C679FD6AB53}.Release|x64.ActiveCfg = Release|Any CPU
		{D1241A3E-8EF6-422A-AE8B-4C679FD6AB53}.Release|x64.Build.0 = Release|Any CPU
		{D1241A3E-8EF6-422A-AE8B-4C679FD6AB53}.Release|x86.ActiveCfg = Release|Any CPU
		{D1241A3E-8EF6-422A-AE8B-4C679FD6AB53}.Release|x86.Build.0 = Release|Any CPU
		{8ABBF1C1-2F4E-415D-B2AD-A106BC94A0E0}.Debug|Any CPU.ActiveCfg = Debug|Any CPU
		{8ABBF1C1-2F4E-415D-B2AD-A106BC94A0E0}.Debug|Any CPU.Build.0 = Debug|Any CPU
		{8ABBF1C1-2F4E-415D-B2AD-A106BC94A0E0}.Debug|x64.ActiveCfg = Debug|Any CPU
		{8ABBF1C1-2F4E-415D-B2AD-A106BC94A0E0}.Debug|x64.Build.0 = Debug|Any CPU
		{8ABBF1C1-2F4E-415D-B2AD-A106BC94A0E0}.Debug|x86.ActiveCfg = Debug|Any CPU
		{8ABBF1C1-2F4E-415D-B2AD-A106BC94A0E0}.Debug|x86.Build.0 = Debug|Any CPU
		{8ABBF1C1-2F4E-415D-B2AD-A106BC94A0E0}.Release|Any CPU.ActiveCfg = Release|Any CPU
		{8ABBF1C1-2F4E-415D-B2AD-A106BC94A0E0}.Release|Any CPU.Build.0 = Release|Any CPU
		{8ABBF1C1-2F4E-415D-B2AD-A106BC94A0E0}.Release|x64.ActiveCfg = Release|Any CPU
		{8ABBF1C1-2F4E-415D-B2AD-A106BC94A0E0}.Release|x64.Build.0 = Release|Any CPU
		{8ABBF1C1-2F4E-415D-B2AD-A106BC94A0E0}.Release|x86.ActiveCfg = Release|Any CPU
		{8ABBF1C1-2F4E-415D-B2AD-A106BC94A0E0}.Release|x86.Build.0 = Release|Any CPU
		{8237E26F-3ED3-43ED-9611-010079DDE433}.Debug|Any CPU.ActiveCfg = Debug|Any CPU
		{8237E26F-3ED3-43ED-9611-010079DDE433}.Debug|Any CPU.Build.0 = Debug|Any CPU
		{8237E26F-3ED3-43ED-9611-010079DDE433}.Debug|x64.ActiveCfg = Debug|Any CPU
		{8237E26F-3ED3-43ED-9611-010079DDE433}.Debug|x64.Build.0 = Debug|Any CPU
		{8237E26F-3ED3-43ED-9611-010079DDE433}.Debug|x86.ActiveCfg = Debug|Any CPU
		{8237E26F-3ED3-43ED-9611-010079DDE433}.Debug|x86.Build.0 = Debug|Any CPU
		{8237E26F-3ED3-43ED-9611-010079DDE433}.Release|Any CPU.ActiveCfg = Release|Any CPU
		{8237E26F-3ED3-43ED-9611-010079DDE433}.Release|Any CPU.Build.0 = Release|Any CPU
		{8237E26F-3ED3-43ED-9611-010079DDE433}.Release|x64.ActiveCfg = Release|Any CPU
		{8237E26F-3ED3-43ED-9611-010079DDE433}.Release|x64.Build.0 = Release|Any CPU
		{8237E26F-3ED3-43ED-9611-010079DDE433}.Release|x86.ActiveCfg = Release|Any CPU
		{8237E26F-3ED3-43ED-9611-010079DDE433}.Release|x86.Build.0 = Release|Any CPU
	EndGlobalSection
EndGlobal
